
Microsoft Visual Studio Solution File, Format Version 12.00
# Visual Studio Version 17
VisualStudioVersion = 17.14.36804.6 d17.14
MinimumVisualStudioVersion = 10.0.40219.1
Project("{FAE04EC0-301F-11D3-BF4B-00C04F79EFBC}") = "PokeU", "PokeU\PokeU.csproj", "{75BCAD8B-7FAB-E0F2-F8BB-24198581DC8E}"
EndProject
Project("{FAE04EC0-301F-11D3-BF4B-00C04F79EFBC}") = "WorldGeneration", "WorldGeneration\WorldGeneration.csproj", "{9325B1C6-F74C-CEFB-AD6E-16F00F7274FF}"
EndProject
Global
	GlobalSection(SolutionConfigurationPlatforms) = preSolution
		Debug|x64 = Debug|x64
		Release|x64 = Release|x64
	EndGlobalSection
	GlobalSection(ProjectConfigurationPlatforms) = postSolution
		{75BCAD8B-7FAB-E0F2-F8BB-24198581DC8E}.Debug|x64.ActiveCfg = Debug|x64
		{75BCAD8B-7FAB-E0F2-F8BB-24198581DC8E}.Debug|x64.Build.0 = Debug|x64
		{75BCAD8B-7FAB-E0F2-F8BB-24198581DC8E}.Release|x64.ActiveCfg = Release|x64
		{75BCAD8B-7FAB-E0F2-F8BB-24198581DC8E}.Release|x64.Build.0 = Release|x64
		{9325B1C6-F74C-CEFB-AD6E-16F00F7274FF}.Debug|x64.ActiveCfg = Debug|x64
		{9325B1C6-F74C-CEFB-AD6E-16F00F7274FF}.Debug|x64.Build.0 = Debug|x64
		{9325B1C6-F74C-CEFB-AD6E-16F00F7274FF}.Release|x64.ActiveCfg = Release|x64
		{9325B1C6-F74C-CEFB-AD6E-16F00F7274FF}.Release|x64.Build.0 = Release|x64
	EndGlobalSection
	GlobalSection(SolutionProperties) = preSolution
		HideSolutionNode = FALSE
	EndGlobalSection
	GlobalSection(ExtensibilityGlobals) = postSolution
		SolutionGuid = {23FB30BE-7A39-408E-9A0F-1D7BFDE7EE2D}
	EndGlobalSection
EndGlobal
